// !$*UTF8*$!
{
	archiveVersion = 1;
	classes = {
	};
	objectVersion = 46;
	objects = {

/* Begin PBXBuildFile section */
		340625D91F20C4D800D47E23 /* customFont.ttf in Resources */ = {isa = PBXBuildFile; fileRef = 340625D81F20C4D800D47E23 /* customFont.ttf */; };
		340625DB1F20C94100D47E23 /* xcode.jpg in Resources */ = {isa = PBXBuildFile; fileRef = 340625DA1F20C94100D47E23 /* xcode.jpg */; };
		344842411F20B5A8002B4BD0 /* main.m in Sources */ = {isa = PBXBuildFile; fileRef = 344842401F20B5A8002B4BD0 /* main.m */; };
		344842441F20B5A8002B4BD0 /* AppDelegate.m in Sources */ = {isa = PBXBuildFile; fileRef = 344842431F20B5A8002B4BD0 /* AppDelegate.m */; };
		344842471F20B5A8002B4BD0 /* ViewController.m in Sources */ = {isa = PBXBuildFile; fileRef = 344842461F20B5A8002B4BD0 /* ViewController.m */; };
		3448424A1F20B5A8002B4BD0 /* Main.storyboard in Resources */ = {isa = PBXBuildFile; fileRef = 344842481F20B5A8002B4BD0 /* Main.storyboard */; };
		3448424C1F20B5A8002B4BD0 /* Assets.xcassets in Resources */ = {isa = PBXBuildFile; fileRef = 3448424B1F20B5A8002B4BD0 /* Assets.xcassets */; };
		3448424F1F20B5A8002B4BD0 /* LaunchScreen.storyboard in Resources */ = {isa = PBXBuildFile; fileRef = 3448424D1F20B5A8002B4BD0 /* LaunchScreen.storyboard */; };
		3448425A1F20B5A9002B4BD0 /* AnimationTests.m in Sources */ = {isa = PBXBuildFile; fileRef = 344842591F20B5A9002B4BD0 /* AnimationTests.m */; };
		344842651F20B5A9002B4BD0 /* AnimationUITests.m in Sources */ = {isa = PBXBuildFile; fileRef = 344842641F20B5A9002B4BD0 /* AnimationUITests.m */; };
/* End PBXBuildFile section */

/* Begin PBXContainerItemProxy section */
		344842561F20B5A9002B4BD0 /* PBXContainerItemProxy */ = {
			isa = PBXContainerItemProxy;
			containerPortal = 344842341F20B5A8002B4BD0 /* Project object */;
			proxyType = 1;
			remoteGlobalIDString = 3448423B1F20B5A8002B4BD0;
			remoteInfo = Animation;
		};
		344842611F20B5A9002B4BD0 /* PBXContainerItemProxy */ = {
			isa = PBXContainerItemProxy;
			containerPortal = 344842341F20B5A8002B4BD0 /* Project object */;
			proxyType = 1;
			remoteGlobalIDString = 3448423B1F20B5A8002B4BD0;
			remoteInfo = Animation;
		};
/* End PBXContainerItemProxy section */

/* Begin PBXFileReference section */
		340625D81F20C4D800D47E23 /* customFont.ttf */ = {isa = PBXFileReference; lastKnownFileType = file; path = customFont.ttf; sourceTree = "<group>"; };
		340625DA1F20C94100D47E23 /* xcode.jpg */ = {isa = PBXFileReference; lastKnownFileType = image.jpeg; path = xcode.jpg; sourceTree = "<group>"; };
		3448423C1F20B5A8002B4BD0 /* Animation.app */ = {isa = PBXFileReference; explicitFileType = wrapper.application; includeInIndex = 0; path = Animation.app; sourceTree = BUILT_PRODUCTS_DIR; };
		344842401F20B5A8002B4BD0 /* main.m */ = {isa = PBXFileReference; lastKnownFileType = sourcecode.c.objc; path = main.m; sourceTree = "<group>"; };
		344842421F20B5A8002B4BD0 /* AppDelegate.h */ = {isa = PBXFileReference; lastKnownFileType = sourcecode.c.h; path = AppDelegate.h; sourceTree = "<group>"; };
		344842431F20B5A8002B4BD0 /* AppDelegate.m */ = {isa = PBXFileReference; lastKnownFileType = sourcecode.c.objc; path = AppDelegate.m; sourceTree = "<group>"; };
		344842451F20B5A8002B4BD0 /* ViewController.h */ = {isa = PBXFileReference; lastKnownFileType = sourcecode.c.h; path = ViewController.h; sourceTree = "<group>"; };
		344842461F20B5A8002B4BD0 /* ViewController.m */ = {isa = PBXFileReference; lastKnownFileType = sourcecode.c.objc; path = ViewController.m; sourceTree = "<group>"; };
		344842491F20B5A8002B4BD0 /* Base */ = {isa = PBXFileReference; lastKnownFileType = file.storyboard; name = Base; path = Base.lproj/Main.storyboard; sourceTree = "<group>"; };
		3448424B1F20B5A8002B4BD0 /* Assets.xcassets */ = {isa = PBXFileReference; lastKnownFileType = folder.assetcatalog; path = Assets.xcassets; sourceTree = "<group>"; };
		3448424E1F20B5A8002B4BD0 /* Base */ = {isa = PBXFileReference; lastKnownFileType = file.storyboard; name = Base; path = Base.lproj/LaunchScreen.storyboard; sourceTree = "<group>"; };
		344842501F20B5A8002B4BD0 /* Info.plist */ = {isa = PBXFileReference; lastKnownFileType = text.plist.xml; path = Info.plist; sourceTree = "<group>"; };
		344842551F20B5A9002B4BD0 /* AnimationTests.xctest */ = {isa = PBXFileReference; explicitFileType = wrapper.cfbundle; includeInIndex = 0; path = AnimationTests.xctest; sourceTree = BUILT_PRODUCTS_DIR; };
		344842591F20B5A9002B4BD0 /* AnimationTests.m */ = {isa = PBXFileReference; lastKnownFileType = sourcecode.c.objc; path = AnimationTests.m; sourceTree = "<group>"; };
		3448425B1F20B5A9002B4BD0 /* Info.plist */ = {isa = PBXFileReference; lastKnownFileType = text.plist.xml; path = Info.plist; sourceTree = "<group>"; };
		344842601F20B5A9002B4BD0 /* AnimationUITests.xctest */ = {isa = PBXFileReference; explicitFileType = wrapper.cfbundle; includeInIndex = 0; path = AnimationUITests.xctest; sourceTree = BUILT_PRODUCTS_DIR; };
		344842641F20B5A9002B4BD0 /* AnimationUITests.m */ = {isa = PBXFileReference; lastKnownFileType = sourcecode.c.objc; path = AnimationUITests.m; sourceTree = "<group>"; };
		344842661F20B5A9002B4BD0 /* Info.plist */ = {isa = PBXFileReference; lastKnownFileType = text.plist.xml; path = Info.plist; sourceTree = "<group>"; };
/* End PBXFileReference section */

/* Begin PBXFrameworksBuildPhase section */
		344842391F20B5A8002B4BD0 /* Frameworks */ = {
			isa = PBXFrameworksBuildPhase;
			buildActionMask = 2147483647;
			files = (
			);
			runOnlyForDeploymentPostprocessing = 0;
		};
		344842521F20B5A9002B4BD0 /* Frameworks */ = {
			isa = PBXFrameworksBuildPhase;
			buildActionMask = 2147483647;
			files = (
			);
			runOnlyForDeploymentPostprocessing = 0;
		};
		3448425D1F20B5A9002B4BD0 /* Frameworks */ = {
			isa = PBXFrameworksBuildPhase;
			buildActionMask = 2147483647;
			files = (
			);
			runOnlyForDeploymentPostprocessing = 0;
		};
/* End PBXFrameworksBuildPhase section */

/* Begin PBXGroup section */
		344842331F20B5A8002B4BD0 = {
			isa = PBXGroup;
			children = (
				3448423E1F20B5A8002B4BD0 /* Animation */,
				344842581F20B5A9002B4BD0 /* AnimationTests */,
				344842631F20B5A9002B4BD0 /* AnimationUITests */,
				3448423D1F20B5A8002B4BD0 /* Products */,
			);
			sourceTree = "<group>";
		};
		3448423D1F20B5A8002B4BD0 /* Products */ = {
			isa = PBXGroup;
			children = (
				3448423C1F20B5A8002B4BD0 /* Animation.app */,
				344842551F20B5A9002B4BD0 /* AnimationTests.xctest */,
				344842601F20B5A9002B4BD0 /* AnimationUITests.xctest */,
			);
			name = Products;
			sourceTree = "<group>";
		};
		3448423E1F20B5A8002B4BD0 /* Animation */ = {
			isa = PBXGroup;
			children = (
				340625DA1F20C94100D47E23 /* xcode.jpg */,
				340625D81F20C4D800D47E23 /* customFont.ttf */,
				344842421F20B5A8002B4BD0 /* AppDelegate.h */,
				344842431F20B5A8002B4BD0 /* AppDelegate.m */,
				344842451F20B5A8002B4BD0 /* ViewController.h */,
				344842461F20B5A8002B4BD0 /* ViewController.m */,
				344842481F20B5A8002B4BD0 /* Main.storyboard */,
				3448424B1F20B5A8002B4BD0 /* Assets.xcassets */,
				3448424D1F20B5A8002B4BD0 /* LaunchScreen.storyboard */,
				344842501F20B5A8002B4BD0 /* Info.plist */,
				3448423F1F20B5A8002B4BD0 /* Supporting Files */,
			);
			path = Animation;
			sourceTree = "<group>";
		};
		3448423F1F20B5A8002B4BD0 /* Supporting Files */ = {
			isa = PBXGroup;
			children = (
				344842401F20B5A8002B4BD0 /* main.m */,
			);
			name = "Supporting Files";
			sourceTree = "<group>";
		};
		344842581F20B5A9002B4BD0 /* AnimationTests */ = {
			isa = PBXGroup;
			children = (
				344842591F20B5A9002B4BD0 /* AnimationTests.m */,
				3448425B1F20B5A9002B4BD0 /* Info.plist */,
			);
			path = AnimationTests;
			sourceTree = "<group>";
		};
		344842631F20B5A9002B4BD0 /* AnimationUITests */ = {
			isa = PBXGroup;
			children = (
				344842641F20B5A9002B4BD0 /* AnimationUITests.m */,
				344842661F20B5A9002B4BD0 /* Info.plist */,
			);
			path = AnimationUITests;
			sourceTree = "<group>";
		};
/* End PBXGroup section */

/* Begin PBXNativeTarget section */
		3448423B1F20B5A8002B4BD0 /* Animation */ = {
			isa = PBXNativeTarget;
			buildConfigurationList = 344842691F20B5A9002B4BD0 /* Build configuration list for PBXNativeTarget "Animation" */;
			buildPhases = (
				344842381F20B5A8002B4BD0 /* Sources */,
				344842391F20B5A8002B4BD0 /* Frameworks */,
				3448423A1F20B5A8002B4BD0 /* Resources */,
			);
			buildRules = (
			);
			dependencies = (
			);
			name = Animation;
			productName = Animation;
			productReference = 3448423C1F20B5A8002B4BD0 /* Animation.app */;
			productType = "com.apple.product-type.application";
		};
		344842541F20B5A9002B4BD0 /* AnimationTests */ = {
			isa = PBXNativeTarget;
			buildConfigurationList = 3448426C1F20B5A9002B4BD0 /* Build configuration list for PBXNativeTarget "AnimationTests" */;
			buildPhases = (
				344842511F20B5A9002B4BD0 /* Sources */,
				344842521F20B5A9002B4BD0 /* Frameworks */,
				344842531F20B5A9002B4BD0 /* Resources */,
			);
			buildRules = (
			);
			dependencies = (
				344842571F20B5A9002B4BD0 /* PBXTargetDependency */,
			);
			name = AnimationTests;
			productName = AnimationTests;
			productReference = 344842551F20B5A9002B4BD0 /* AnimationTests.xctest */;
			productType = "com.apple.product-type.bundle.unit-test";
		};
		3448425F1F20B5A9002B4BD0 /* AnimationUITests */ = {
			isa = PBXNativeTarget;
			buildConfigurationList = 3448426F1F20B5A9002B4BD0 /* Build configuration list for PBXNativeTarget "AnimationUITests" */;
			buildPhases = (
				3448425C1F20B5A9002B4BD0 /* Sources */,
				3448425D1F20B5A9002B4BD0 /* Frameworks */,
				3448425E1F20B5A9002B4BD0 /* Resources */,
			);
			buildRules = (
			);
			dependencies = (
				344842621F20B5A9002B4BD0 /* PBXTargetDependency */,
			);
			name = AnimationUITests;
			productName = AnimationUITests;
			productReference = 344842601F20B5A9002B4BD0 /* AnimationUITests.xctest */;
			productType = "com.apple.product-type.bundle.ui-testing";
		};
/* End PBXNativeTarget section */

/* Begin PBXProject section */
		344842341F20B5A8002B4BD0 /* Project object */ = {
			isa = PBXProject;
			attributes = {
				LastUpgradeCheck = 0830;
				ORGANIZATIONNAME = chun;
				TargetAttributes = {
					3448423B1F20B5A8002B4BD0 = {
						CreatedOnToolsVersion = 8.3.3;
						ProvisioningStyle = Automatic;
					};
					344842541F20B5A9002B4BD0 = {
						CreatedOnToolsVersion = 8.3.3;
						ProvisioningStyle = Automatic;
						TestTargetID = 3448423B1F20B5A8002B4BD0;
					};
					3448425F1F20B5A9002B4BD0 = {
						CreatedOnToolsVersion = 8.3.3;
						ProvisioningStyle = Automatic;
						TestTargetID = 3448423B1F20B5A8002B4BD0;
					};
				};
			};
			buildConfigurationList = 344842371F20B5A8002B4BD0 /* Build configuration list for PBXProject "Animation" */;
			compatibilityVersion = "Xcode 3.2";
			developmentRegion = English;
			hasScannedForEncodings = 0;
			knownRegions = (
				en,
				Base,
			);
			mainGroup = 344842331F20B5A8002B4BD0;
			productRefGroup = 3448423D1F20B5A8002B4BD0 /* Products */;
			projectDirPath = "";
			projectRoot = "";
			targets = (
				3448423B1F20B5A8002B4BD0 /* Animation */,
				344842541F20B5A9002B4BD0 /* AnimationTests */,
				3448425F1F20B5A9002B4BD0 /* AnimationUITests */,
			);
		};
/* End PBXProject section */

/* Begin PBXResourcesBuildPhase section */
		3448423A1F20B5A8002B4BD0 /* Resources */ = {
			isa = PBXResourcesBuildPhase;
			buildActionMask = 2147483647;
			files = (
				340625D91F20C4D800D47E23 /* customFont.ttf in Resources */,
				340625DB1F20C94100D47E23 /* xcode.jpg in Resources */,
				3448424F1F20B5A8002B4BD0 /* LaunchScreen.storyboard in Resources */,
				3448424C1F20B5A8002B4BD0 /* Assets.xcassets in Resources */,
				3448424A1F20B5A8002B4BD0 /* Main.storyboard in Resources */,
			);
			runOnlyForDeploymentPostprocessing = 0;
		};
		344842531F20B5A9002B4BD0 /* Resources */ = {
			isa = PBXResourcesBuildPhase;
			buildActionMask = 2147483647;
			files = (
			);
			runOnlyForDeploymentPostprocessing = 0;
		};
		3448425E1F20B5A9002B4BD0 /* Resources */ = {
			isa = PBXResourcesBuildPhase;
			buildActionMask = 2147483647;
			files = (
			);
			runOnlyForDeploymentPostprocessing = 0;
		};
/* End PBXResourcesBuildPhase section */

/* Begin PBXSourcesBuildPhase section */
		344842381F20B5A8002B4BD0 /* Sources */ = {
			isa = PBXSourcesBuildPhase;
			buildActionMask = 2147483647;
			files = (
				344842471F20B5A8002B4BD0 /* ViewController.m in Sources */,
				344842441F20B5A8002B4BD0 /* AppDelegate.m in Sources */,
				344842411F20B5A8002B4BD0 /* main.m in Sources */,
			);
			runOnlyForDeploymentPostprocessing = 0;
		};
		344842511F20B5A9002B4BD0 /* Sources */ = {
			isa = PBXSourcesBuildPhase;
			buildActionMask = 2147483647;
			files = (
				3448425A1F20B5A9002B4BD0 /* AnimationTests.m in Sources */,
			);
			runOnlyForDeploymentPostprocessing = 0;
		};
		3448425C1F20B5A9002B4BD0 /* Sources */ = {
			isa = PBXSourcesBuildPhase;
			buildActionMask = 2147483647;
			files = (
				344842651F20B5A9002B4BD0 /* AnimationUITests.m in Sources */,
			);
			runOnlyForDeploymentPostprocessing = 0;
		};
/* End PBXSourcesBuildPhase section */

/* Begin PBXTargetDependency section */
		344842571F20B5A9002B4BD0 /* PBXTargetDependency */ = {
			isa = PBXTargetDependency;
			target = 3448423B1F20B5A8002B4BD0 /* Animation */;
			targetProxy = 344842561F20B5A9002B4BD0 /* PBXContainerItemProxy */;
		};
		344842621F20B5A9002B4BD0 /* PBXTargetDependency */ = {
			isa = PBXTargetDependency;
			target = 3448423B1F20B5A8002B4BD0 /* Animation */;
			targetProxy = 344842611F20B5A9002B4BD0 /* PBXContainerItemProxy */;
		};
/* End PBXTargetDependency section */

/* Begin PBXVariantGroup section */
		344842481F20B5A8002B4BD0 /* Main.storyboard */ = {
			isa = PBXVariantGroup;
			children = (
				344842491F20B5A8002B4BD0 /* Base */,
			);
			name = Main.storyboard;
			sourceTree = "<group>";
		};
		3448424D1F20B5A8002B4BD0 /* LaunchScreen.storyboard */ = {
			isa = PBXVariantGroup;
			children = (
				3448424E1F20B5A8002B4BD0 /* Base */,
			);
			name = LaunchScreen.storyboard;
			sourceTree = "<group>";
		};
/* End PBXVariantGroup section */

/* Begin XCBuildConfiguration section */
		344842671F20B5A9002B4BD0 /* Debug */ = {
			isa = XCBuildConfiguration;
			buildSettings = {
				ALWAYS_SEARCH_USER_PATHS = NO;
				CLANG_ANALYZER_NONNULL = YES;
				CLANG_ANALYZER_NUMBER_OBJECT_CONVERSION = YES_AGGRESSIVE;
				CLANG_CXX_LANGUAGE_STANDARD = "gnu++0x";
				CLANG_CXX_LIBRARY = "libc++";
				CLANG_ENABLE_MODULES = YES;
				CLANG_ENABLE_OBJC_ARC = YES;
				CLANG_WARN_BOOL_CONVERSION = YES;
				CLANG_WARN_CONSTANT_CONVERSION = YES;
				CLANG_WARN_DIRECT_OBJC_ISA_USAGE = YES_ERROR;
				CLANG_WARN_DOCUMENTATION_COMMENTS = YES;
				CLANG_WARN_EMPTY_BODY = YES;
				CLANG_WARN_ENUM_CONVERSION = YES;
				CLANG_WARN_INFINITE_RECURSION = YES;
				CLANG_WARN_INT_CONVERSION = YES;
				CLANG_WARN_OBJC_ROOT_CLASS = YES_ERROR;
				CLANG_WARN_SUSPICIOUS_MOVE = YES;
				CLANG_WARN_UNREACHABLE_CODE = YES;
				CLANG_WARN__DUPLICATE_METHOD_MATCH = YES;
				"CODE_SIGN_IDENTITY[sdk=iphoneos*]" = "iPhone Developer";
				COPY_PHASE_STRIP = NO;
				DEBUG_INFORMATION_FORMAT = dwarf;
				ENABLE_STRICT_OBJC_MSGSEND = YES;
				ENABLE_TESTABILITY = YES;
				GCC_C_LANGUAGE_STANDARD = gnu99;
				GCC_DYNAMIC_NO_PIC = NO;
				GCC_NO_COMMON_BLOCKS = YES;
				GCC_OPTIMIZATION_LEVEL = 0;
				GCC_PREPROCESSOR_DEFINITIONS = (
					"DEBUG=1",
					"$(inherited)",
				);
				GCC_WARN_64_TO_32_BIT_CONVERSION = YES;
				GCC_WARN_ABOUT_RETURN_TYPE = YES_ERROR;
				GCC_WARN_UNDECLARED_SELECTOR = YES;
				GCC_WARN_UNINITIALIZED_AUTOS = YES_AGGRESSIVE;
				GCC_WARN_UNUSED_FUNCTION = YES;
				GCC_WARN_UNUSED_VARIABLE = YES;
				IPHONEOS_DEPLOYMENT_TARGET = 10.3;
				MTL_ENABLE_DEBUG_INFO = YES;
				ONLY_ACTIVE_ARCH = YES;
				SDKROOT = iphoneos;
				TARGETED_DEVICE_FAMILY = "1,2";
			};
			name = Debug;
		};
		344842681F20B5A9002B4BD0 /* Release */ = {
			isa = XCBuildConfiguration;
			buildSettings = {
				ALWAYS_SEARCH_USER_PATHS = NO;
				CLANG_ANALYZER_NONNULL = YES;
				CLANG_ANALYZER_NUMBER_OBJECT_CONVERSION = YES_AGGRESSIVE;
				CLANG_CXX_LANGUAGE_STANDARD = "gnu++0x";
				CLANG_CXX_LIBRARY = "libc++";
				CLANG_ENABLE_MODULES = YES;
				CLANG_ENABLE_OBJC_ARC = YES;
				CLANG_WARN_BOOL_CONVERSION = YES;
				CLANG_WARN_CONSTANT_CONVERSION = YES;
				CLANG_WARN_DIRECT_OBJC_ISA_USAGE = YES_ERROR;
				CLANG_WARN_DOCUMENTATION_COMMENTS = YES;
				CLANG_WARN_EMPTY_BODY = YES;
				CLANG_WARN_ENUM_CONVERSION = YES;
				CLANG_WARN_INFINITE_RECURSION = YES;
				CLANG_WARN_INT_CONVERSION = YES;
				CLANG_WARN_OBJC_ROOT_CLASS = YES_ERROR;
				CLANG_WARN_SUSPICIOUS_MOVE = YES;
				CLANG_WARN_UNREACHABLE_CODE = YES;
				CLANG_WARN__DUPLICATE_METHOD_MATCH = YES;
				"CODE_SIGN_IDENTITY[sdk=iphoneos*]" = "iPhone Developer";
				COPY_PHASE_STRIP = NO;
				DEBUG_INFORMATION_FORMAT = "dwarf-with-dsym";
				ENABLE_NS_ASSERTIONS = NO;
				ENABLE_STRICT_OBJC_MSGSEND = YES;
				GCC_C_LANGUAGE_STANDARD = gnu99;
				GCC_NO_COMMON_BLOCKS = YES;
				GCC_WARN_64_TO_32_BIT_CONVERSION = YES;
				GCC_WARN_ABOUT_RETURN_TYPE = YES_ERROR;
				GCC_WARN_UNDECLARED_SELECTOR = YES;
				GCC_WARN_UNINITIALIZED_AUTOS = YES_AGGRESSIVE;
				GCC_WARN_UNUSED_FUNCTION = YES;
				GCC_WARN_UNUSED_VARIABLE = YES;
				IPHONEOS_DEPLOYMENT_TARGET = 10.3;
				MTL_ENABLE_DEBUG_INFO = NO;
				SDKROOT = iphoneos;
				TARGETED_DEVICE_FAMILY = "1,2";
				VALIDATE_PRODUCT = YES;
			};
			name = Release;
		};
		3448426A1F20B5A9002B4BD0 /* Debug */ = {
			isa = XCBuildConfiguration;
			buildSettings = {
				ASSETCATALOG_COMPILER_APPICON_NAME = AppIcon;
				INFOPLIST_FILE = Animation/Info.plist;
				LD_RUNPATH_SEARCH_PATHS = "$(inherited) @executable_path/Frameworks";
				PRODUCT_BUNDLE_IDENTIFIER = young.Animation;
				PRODUCT_NAME = "$(TARGET_NAME)";
			};
			name = Debug;
		};
		3448426B1F20B5A9002B4BD0 /* Release */ = {
			isa = XCBuildConfiguration;
			buildSettings = {
				ASSETCATALOG_COMPILER_APPICON_NAME = AppIcon;
				INFOPLIST_FILE = Animation/Info.plist;
				LD_RUNPATH_SEARCH_PATHS = "$(inherited) @executable_path/Frameworks";
				PRODUCT_BUNDLE_IDENTIFIER = young.Animation;
				PRODUCT_NAME = "$(TARGET_NAME)";
			};
			name = Release;
		};
		3448426D1F20B5A9002B4BD0 /* Debug */ = {
			isa = XCBuildConfiguration;
			buildSettings = {
				BUNDLE_LOADER = "$(TEST_HOST)";
				INFOPLIST_FILE = AnimationTests/Info.plist;
				LD_RUNPATH_SEARCH_PATHS = "$(inherited) @executable_path/Frameworks @loader_path/Frameworks";
				PRODUCT_BUNDLE_IDENTIFIER = young.AnimationTests;
				PRODUCT_NAME = "$(TARGET_NAME)";
				TEST_HOST = "$(BUILT_PRODUCTS_DIR)/Animation.app/Animation";
			};
			name = Debug;
		};
		3448426E1F20B5A9002B4BD0 /* Release */ = {
			isa = XCBuildConfiguration;
			buildSettings = {
				BUNDLE_LOADER = "$(TEST_HOST)";
				INFOPLIST_FILE = AnimationTests/Info.plist;
				LD_RUNPATH_SEARCH_PATHS = "$(inherited) @executable_path/Frameworks @loader_path/Frameworks";
				PRODUCT_BUNDLE_IDENTIFIER = young.AnimationTests;
				PRODUCT_NAME = "$(TARGET_NAME)";
				TEST_HOST = "$(BUILT_PRODUCTS_DIR)/Animation.app/Animation";
			};
			name = Release;
		};
		344842701F20B5A9002B4BD0 /* Debug */ = {
			isa = XCBuildConfiguration;
			buildSettings = {
				INFOPLIST_FILE = AnimationUITests/Info.plist;
				LD_RUNPATH_SEARCH_PATHS = "$(inherited) @executable_path/Frameworks @loader_path/Frameworks";
				PRODUCT_BUNDLE_IDENTIFIER = young.AnimationUITests;
				PRODUCT_NAME = "$(TARGET_NAME)";
				TEST_TARGET_NAME = Animation;
			};
			name = Debug;
		};
		344842711F20B5A9002B4BD0 /* Release */ = {
			isa = XCBuildConfiguration;
			buildSettings = {
				INFOPLIST_FILE = AnimationUITests/Info.plist;
				LD_RUNPATH_SEARCH_PATHS = "$(inherited) @executable_path/Frameworks @loader_path/Frameworks";
				PRODUCT_BUNDLE_IDENTIFIER = young.AnimationUITests;
				PRODUCT_NAME = "$(TARGET_NAME)";
				TEST_TARGET_NAME = Animation;
			};
			name = Release;
		};
/* End XCBuildConfiguration section */

/* Begin XCConfigurationList section */
		344842371F20B5A8002B4BD0 /* Build configuration list for PBXProject "Animation" */ = {
			isa = XCConfigurationList;
			buildConfigurations = (
				344842671F20B5A9002B4BD0 /* Debug */,
				344842681F20B5A9002B4BD0 /* Release */,
			);
			defaultConfigurationIsVisible = 0;
			defaultConfigurationName = Release;
		};
		344842691F20B5A9002B4BD0 /* Build configuration list for PBXNativeTarget "Animation" */ = {
			isa = XCConfigurationList;
			buildConfigurations = (
				3448426A1F20B5A9002B4BD0 /* Debug */,
				3448426B1F20B5A9002B4BD0 /* Release */,
			);
			defaultConfigurationIsVisible = 0;
			defaultConfigurationName = Release;
		};
		3448426C1F20B5A9002B4BD0 /* Build configuration list for PBXNativeTarget "AnimationTests" */ = {
			isa = XCConfigurationList;
			buildConfigurations = (
				3448426D1F20B5A9002B4BD0 /* Debug */,
				3448426E1F20B5A9002B4BD0 /* Release */,
			);
			defaultConfigurationIsVisible = 0;
			defaultConfigurationName = Release;
		};
		3448426F1F20B5A9002B4BD0 /* Build configuration list for PBXNativeTarget "AnimationUITests" */ = {
			isa = XCConfigurationList;
			buildConfigurations = (
				344842701F20B5A9002B4BD0 /* Debug */,
				344842711F20B5A9002B4BD0 /* Release */,
			);
			defaultConfigurationIsVisible = 0;
			defaultConfigurationName = Release;
		};
/* End XCConfigurationList section */
	};
	rootObject = 344842341F20B5A8002B4BD0 /* Project object */;
}
